
Microsoft Visual Studio Solution File, Format Version 12.00
# Visual Studio Version 17
VisualStudioVersion = 17.9.34728.123
MinimumVisualStudioVersion = 10.0.40219.1
Project("{FAE04EC0-301F-11D3-BF4B-00C04F79EFBC}") = "Assignment 6.1.3", "Assignment 6.1.3.csproj", "{3EF30B34-9E7B-45D0-B86A-E502C4D724EF}"
EndProject
Global
	GlobalSection(SolutionConfigurationPlatforms) = preSolution
		Debug|Any CPU = Debug|Any CPU
		Release|Any CPU = Release|Any CPU
	EndGlobalSection
	GlobalSection(ProjectConfigurationPlatforms) = postSolution
		{3EF30B34-9E7B-45D0-B86A-E502C4D724EF}.Debug|Any CPU.ActiveCfg = Debug|Any CPU
		{3EF30B34-9E7B-45D0-B86A-E502C4D724EF}.Debug|Any CPU.Build.0 = Debug|Any CPU
		{3EF30B34-9E7B-45D0-B86A-E502C4D724EF}.Release|Any CPU.ActiveCfg = Release|Any CPU
		{3EF30B34-9E7B-45D0-B86A-E502C4D724EF}.Release|Any CPU.Build.0 = Release|Any CPU
	EndGlobalSection
	GlobalSection(SolutionProperties) = preSolution
		HideSolutionNode = FALSE
	EndGlobalSection
	GlobalSection(ExtensibilityGlobals) = postSolution
		SolutionGuid = {269B238E-DD8E-4798-88B5-24BA11970DCA}
	EndGlobalSection
EndGlobal
